
Microsoft Visual Studio Solution File, Format Version 12.00
# Visual Studio Version 17
VisualStudioVersion = 17.14.36408.4 d17.14
MinimumVisualStudioVersion = 10.0.40219.1
Project("{FAE04EC0-301F-11D3-BF4B-00C04F79EFBC}") = "SocketClientDemo", "SocketClientDemo\SocketClientDemo.csproj", "{F54A9A12-7349-4DFF-9C9A-039572DE916D}"
EndProject
Global
	GlobalSection(SolutionConfigurationPlatforms) = preSolution
		Debug|Any CPU = Debug|Any CPU
		Release|Any CPU = Release|Any CPU
	EndGlobalSection
	GlobalSection(ProjectConfigurationPlatforms) = postSolution
		{F54A9A12-7349-4DFF-9C9A-039572DE916D}.Debug|Any CPU.ActiveCfg = Debug|Any CPU
		{F54A9A12-7349-4DFF-9C9A-039572DE916D}.Debug|Any CPU.Build.0 = Debug|Any CPU
		{F54A9A12-7349-4DFF-9C9A-039572DE916D}.Release|Any CPU.ActiveCfg = Release|Any CPU
		{F54A9A12-7349-4DFF-9C9A-039572DE916D}.Release|Any CPU.Build.0 = Release|Any CPU
	EndGlobalSection
	GlobalSection(SolutionProperties) = preSolution
		HideSolutionNode = FALSE
	EndGlobalSection
	GlobalSection(ExtensibilityGlobals) = postSolution
		SolutionGuid = {9978A330-E473-434A-9D33-012B9D6F8CB8}
	EndGlobalSection
EndGlobal
